
Microsoft Visual Studio Solution File, Format Version 12.00
# Visual Studio 15
VisualStudioVersion = 15.0.28307.902
MinimumVisualStudioVersion = 10.0.40219.1
Project("{FAE04EC0-301F-11D3-BF4B-00C04F79EFBC}") = "WebApiForEsm", "WebApiForEsm\WebApiForEsm.csproj", "{18C1FEA0-DD51-4D2D-A6F6-C52B0E75E638}"
EndProject
Project("{FAE04EC0-301F-11D3-BF4B-00C04F79EFBC}") = "WebApplication1", "WebApplication1\WebApplication1.csproj", "{C8F6F535-7E67-4B50-AAD7-FD00D0A60653}"
EndProject
Global
	GlobalSection(SolutionConfigurationPlatforms) = preSolution
		Debug|Any CPU = Debug|Any CPU
		Release|Any CPU = Release|Any CPU
	EndGlobalSection
	GlobalSection(ProjectConfigurationPlatforms) = postSolution
		{18C1FEA0-DD51-4D2D-A6F6-C52B0E75E638}.Debug|Any CPU.ActiveCfg = Debug|Any CPU
		{18C1FEA0-DD51-4D2D-A6F6-C52B0E75E638}.Debug|Any CPU.Build.0 = Debug|Any CPU
		{18C1FEA0-DD51-4D2D-A6F6-C52B0E75E638}.Release|Any CPU.ActiveCfg = Release|Any CPU
		{18C1FEA0-DD51-4D2D-A6F6-C52B0E75E638}.Release|Any CPU.Build.0 = Release|Any CPU
		{C8F6F535-7E67-4B50-AAD7-FD00D0A60653}.Debug|Any CPU.ActiveCfg = Debug|Any CPU
		{C8F6F535-7E67-4B50-AAD7-FD00D0A60653}.Debug|Any CPU.Build.0 = Debug|Any CPU
		{C8F6F535-7E67-4B50-AAD7-FD00D0A60653}.Release|Any CPU.ActiveCfg = Release|Any CPU
		{C8F6F535-7E67-4B50-AAD7-FD00D0A60653}.Release|Any CPU.Build.0 = Release|Any CPU
	EndGlobalSection
	GlobalSection(SolutionProperties) = preSolution
		HideSolutionNode = FALSE
	EndGlobalSection
	GlobalSection(ExtensibilityGlobals) = postSolution
		SolutionGuid = {100F1EF0-9DE9-41F8-840D-5E20699E9CC7}
	EndGlobalSection
EndGlobal
